// !$*UTF8*$!
{
	archiveVersion = 1;
	classes = {
	};
	objectVersion = 56;
	objects = {

/* Begin PBXBuildFile section */
		9619634F2BA19B2D0026AB36 /* AppDelegate.swift in Sources */ = {isa = PBXBuildFile; fileRef = 9619634E2BA19B2D0026AB36 /* AppDelegate.swift */; };
		961963532BA19B2D0026AB36 /* CalculatorViewController.swift in Sources */ = {isa = PBXBuildFile; fileRef = 961963522BA19B2D0026AB36 /* CalculatorViewController.swift */; };
		961963562BA19B2D0026AB36 /* Main.storyboard in Resources */ = {isa = PBXBuildFile; fileRef = 961963542BA19B2D0026AB36 /* Main.storyboard */; };
		961963582BA19B2E0026AB36 /* Assets.xcassets in Resources */ = {isa = PBXBuildFile; fileRef = 961963572BA19B2E0026AB36 /* Assets.xcassets */; };
		9619635B2BA19B2E0026AB36 /* LaunchScreen.storyboard in Resources */ = {isa = PBXBuildFile; fileRef = 961963592BA19B2E0026AB36 /* LaunchScreen.storyboard */; };
		961963652BA19C7B0026AB36 /* Calculator.cpp in Sources */ = {isa = PBXBuildFile; fileRef = 961963632BA19C7B0026AB36 /* Calculator.cpp */; };
		964AFC422BA3F38D00B852CE /* CategoryViewController.swift in Sources */ = {isa = PBXBuildFile; fileRef = 964AFC402BA3F38D00B852CE /* CategoryViewController.swift */; };
		964AFC432BA3F38D00B852CE /* CategoryViewController.xib in Resources */ = {isa = PBXBuildFile; fileRef = 964AFC412BA3F38D00B852CE /* CategoryViewController.xib */; };
		964AFC4B2BA434E900B852CE /* CategoryUseCase.swift in Sources */ = {isa = PBXBuildFile; fileRef = 964AFC4A2BA434E900B852CE /* CategoryUseCase.swift */; };
		964AFC572BA447B800B852CE /* CategoryCell.swift in Sources */ = {isa = PBXBuildFile; fileRef = 964AFC552BA447B800B852CE /* CategoryCell.swift */; };
		964AFC582BA447B800B852CE /* CategoryCell.xib in Resources */ = {isa = PBXBuildFile; fileRef = 964AFC562BA447B800B852CE /* CategoryCell.xib */; };
		964AFC5D2BA4493200B852CE /* CategoryEntity.swift in Sources */ = {isa = PBXBuildFile; fileRef = 964AFC5C2BA4493200B852CE /* CategoryEntity.swift */; };
		964AFC602BA449C000B852CE /* ProductCategory.cpp in Sources */ = {isa = PBXBuildFile; fileRef = 964AFC5E2BA449C000B852CE /* ProductCategory.cpp */; };
		964AFC642BA44C0300B852CE /* CategoryService.swift in Sources */ = {isa = PBXBuildFile; fileRef = 964AFC632BA44C0300B852CE /* CategoryService.swift */; };
		964AFC692BA450D000B852CE /* CategoryTranslator.swift in Sources */ = {isa = PBXBuildFile; fileRef = 964AFC682BA450D000B852CE /* CategoryTranslator.swift */; };
		964AFC6B2BA548F500B852CE /* CategoryViewModel.swift in Sources */ = {isa = PBXBuildFile; fileRef = 964AFC6A2BA548F500B852CE /* CategoryViewModel.swift */; };
		96B2CA7F2BA3EA080055088E /* CalculatorViewController.xib in Resources */ = {isa = PBXBuildFile; fileRef = 96B2CA7E2BA3EA080055088E /* CalculatorViewController.xib */; };
		96B2CA822BA3EAE80055088E /* TabbarController.swift in Sources */ = {isa = PBXBuildFile; fileRef = 96B2CA812BA3EAE80055088E /* TabbarController.swift */; };
/* End PBXBuildFile section */

/* Begin PBXFileReference section */
		9619634B2BA19B2D0026AB36 /* CplusExample.app */ = {isa = PBXFileReference; explicitFileType = wrapper.application; includeInIndex = 0; path = CplusExample.app; sourceTree = BUILT_PRODUCTS_DIR; };
		9619634E2BA19B2D0026AB36 /* AppDelegate.swift */ = {isa = PBXFileReference; lastKnownFileType = sourcecode.swift; path = AppDelegate.swift; sourceTree = "<group>"; };
		961963522BA19B2D0026AB36 /* CalculatorViewController.swift */ = {isa = PBXFileReference; lastKnownFileType = sourcecode.swift; path = CalculatorViewController.swift; sourceTree = "<group>"; };
		961963552BA19B2D0026AB36 /* Base */ = {isa = PBXFileReference; lastKnownFileType = file.storyboard; name = Base; path = Base.lproj/Main.storyboard; sourceTree = "<group>"; };
		961963572BA19B2E0026AB36 /* Assets.xcassets */ = {isa = PBXFileReference; lastKnownFileType = folder.assetcatalog; path = Assets.xcassets; sourceTree = "<group>"; };
		9619635A2BA19B2E0026AB36 /* Base */ = {isa = PBXFileReference; lastKnownFileType = file.storyboard; name = Base; path = Base.lproj/LaunchScreen.storyboard; sourceTree = "<group>"; };
		9619635C2BA19B2E0026AB36 /* Info.plist */ = {isa = PBXFileReference; lastKnownFileType = text.plist.xml; path = Info.plist; sourceTree = "<group>"; };
		961963622BA19C7A0026AB36 /* CplusExample-Bridging-Header.h */ = {isa = PBXFileReference; lastKnownFileType = sourcecode.c.h; path = "CplusExample-Bridging-Header.h"; sourceTree = "<group>"; };
		961963632BA19C7B0026AB36 /* Calculator.cpp */ = {isa = PBXFileReference; lastKnownFileType = sourcecode.cpp.cpp; path = Calculator.cpp; sourceTree = "<group>"; };
		961963642BA19C7B0026AB36 /* Calculator.h */ = {isa = PBXFileReference; lastKnownFileType = sourcecode.c.h; path = Calculator.h; sourceTree = "<group>"; };
		964AFC402BA3F38D00B852CE /* CategoryViewController.swift */ = {isa = PBXFileReference; lastKnownFileType = sourcecode.swift; path = CategoryViewController.swift; sourceTree = "<group>"; };
		964AFC412BA3F38D00B852CE /* CategoryViewController.xib */ = {isa = PBXFileReference; lastKnownFileType = file.xib; path = CategoryViewController.xib; sourceTree = "<group>"; };
		964AFC4A2BA434E900B852CE /* CategoryUseCase.swift */ = {isa = PBXFileReference; lastKnownFileType = sourcecode.swift; path = CategoryUseCase.swift; sourceTree = "<group>"; };
		964AFC552BA447B800B852CE /* CategoryCell.swift */ = {isa = PBXFileReference; fileEncoding = 4; lastKnownFileType = sourcecode.swift; path = CategoryCell.swift; sourceTree = "<group>"; };
		964AFC562BA447B800B852CE /* CategoryCell.xib */ = {isa = PBXFileReference; fileEncoding = 4; lastKnownFileType = file.xib; path = CategoryCell.xib; sourceTree = "<group>"; };
		964AFC5C2BA4493200B852CE /* CategoryEntity.swift */ = {isa = PBXFileReference; lastKnownFileType = sourcecode.swift; path = CategoryEntity.swift; sourceTree = "<group>"; };
		964AFC5E2BA449C000B852CE /* ProductCategory.cpp */ = {isa = PBXFileReference; lastKnownFileType = sourcecode.cpp.cpp; path = ProductCategory.cpp; sourceTree = "<group>"; };
		964AFC5F2BA449C000B852CE /* ProductCategory.hpp */ = {isa = PBXFileReference; lastKnownFileType = sourcecode.cpp.h; path = ProductCategory.hpp; sourceTree = "<group>"; };
		964AFC632BA44C0300B852CE /* CategoryService.swift */ = {isa = PBXFileReference; lastKnownFileType = sourcecode.swift; path = CategoryService.swift; sourceTree = "<group>"; };
		964AFC682BA450D000B852CE /* CategoryTranslator.swift */ = {isa = PBXFileReference; lastKnownFileType = sourcecode.swift; path = CategoryTranslator.swift; sourceTree = "<group>"; };
		964AFC6A2BA548F500B852CE /* CategoryViewModel.swift */ = {isa = PBXFileReference; lastKnownFileType = sourcecode.swift; path = CategoryViewModel.swift; sourceTree = "<group>"; };
		96B2CA7E2BA3EA080055088E /* CalculatorViewController.xib */ = {isa = PBXFileReference; lastKnownFileType = file.xib; path = CalculatorViewController.xib; sourceTree = "<group>"; };
		96B2CA812BA3EAE80055088E /* TabbarController.swift */ = {isa = PBXFileReference; lastKnownFileType = sourcecode.swift; path = TabbarController.swift; sourceTree = "<group>"; };
/* End PBXFileReference section */

/* Begin PBXFrameworksBuildPhase section */
		961963482BA19B2D0026AB36 /* Frameworks */ = {
			isa = PBXFrameworksBuildPhase;
			buildActionMask = 2147483647;
			files = (
			);
			runOnlyForDeploymentPostprocessing = 0;
		};
/* End PBXFrameworksBuildPhase section */

/* Begin PBXGroup section */
		961963422BA19B2D0026AB36 = {
			isa = PBXGroup;
			children = (
				9619634D2BA19B2D0026AB36 /* CplusExample */,
				9619634C2BA19B2D0026AB36 /* Products */,
			);
			sourceTree = "<group>";
		};
		9619634C2BA19B2D0026AB36 /* Products */ = {
			isa = PBXGroup;
			children = (
				9619634B2BA19B2D0026AB36 /* CplusExample.app */,
			);
			name = Products;
			sourceTree = "<group>";
		};
		9619634D2BA19B2D0026AB36 /* CplusExample */ = {
			isa = PBXGroup;
			children = (
				964AFC672BA44CFA00B852CE /* Platform */,
				964AFC5A2BA448EF00B852CE /* Domain */,
				964AFC592BA448C900B852CE /* Infrastructure */,
				96B2CA7C2BA3E9A60055088E /* Scenes */,
				9619634E2BA19B2D0026AB36 /* AppDelegate.swift */,
				961963622BA19C7A0026AB36 /* CplusExample-Bridging-Header.h */,
				961963572BA19B2E0026AB36 /* Assets.xcassets */,
				961963592BA19B2E0026AB36 /* LaunchScreen.storyboard */,
				9619635C2BA19B2E0026AB36 /* Info.plist */,
			);
			path = CplusExample;
			sourceTree = "<group>";
		};
		964AFC3F2BA3F34E00B852CE /* Category */ = {
			isa = PBXGroup;
			children = (
				964AFC542BA447B800B852CE /* Cell */,
				964AFC402BA3F38D00B852CE /* CategoryViewController.swift */,
				964AFC6A2BA548F500B852CE /* CategoryViewModel.swift */,
				964AFC412BA3F38D00B852CE /* CategoryViewController.xib */,
			);
			path = Category;
			sourceTree = "<group>";
		};
		964AFC492BA4343200B852CE /* UseCase */ = {
			isa = PBXGroup;
			children = (
				964AFC4A2BA434E900B852CE /* CategoryUseCase.swift */,
			);
			path = UseCase;
			sourceTree = "<group>";
		};
		964AFC4C2BA4353300B852CE /* Model */ = {
			isa = PBXGroup;
			children = (
				964AFC5E2BA449C000B852CE /* ProductCategory.cpp */,
				964AFC5F2BA449C000B852CE /* ProductCategory.hpp */,
			);
			path = Model;
			sourceTree = "<group>";
		};
		964AFC542BA447B800B852CE /* Cell */ = {
			isa = PBXGroup;
			children = (
				964AFC552BA447B800B852CE /* CategoryCell.swift */,
				964AFC562BA447B800B852CE /* CategoryCell.xib */,
			);
			path = Cell;
			sourceTree = "<group>";
		};
		964AFC592BA448C900B852CE /* Infrastructure */ = {
			isa = PBXGroup;
			children = (
				964AFC622BA44BF200B852CE /* Category */,
				964AFC5B2BA4490400B852CE /* Model */,
			);
			path = Infrastructure;
			sourceTree = "<group>";
		};
		964AFC5A2BA448EF00B852CE /* Domain */ = {
			isa = PBXGroup;
			children = (
				964AFC4C2BA4353300B852CE /* Model */,
			);
			path = Domain;
			sourceTree = "<group>";
		};
		964AFC5B2BA4490400B852CE /* Model */ = {
			isa = PBXGroup;
			children = (
				964AFC5C2BA4493200B852CE /* CategoryEntity.swift */,
			);
			path = Model;
			sourceTree = "<group>";
		};
		964AFC622BA44BF200B852CE /* Category */ = {
			isa = PBXGroup;
			children = (
				964AFC632BA44C0300B852CE /* CategoryService.swift */,
				964AFC682BA450D000B852CE /* CategoryTranslator.swift */,
			);
			path = Category;
			sourceTree = "<group>";
		};
		964AFC672BA44CFA00B852CE /* Platform */ = {
			isa = PBXGroup;
			children = (
				964AFC492BA4343200B852CE /* UseCase */,
			);
			path = Platform;
			sourceTree = "<group>";
		};
		96B2CA7C2BA3E9A60055088E /* Scenes */ = {
			isa = PBXGroup;
			children = (
				964AFC3F2BA3F34E00B852CE /* Category */,
				96B2CA802BA3EAD90055088E /* Tabbar */,
				96B2CA7D2BA3E9B90055088E /* Calculator */,
			);
			path = Scenes;
			sourceTree = "<group>";
		};
		96B2CA7D2BA3E9B90055088E /* Calculator */ = {
			isa = PBXGroup;
			children = (
				961963642BA19C7B0026AB36 /* Calculator.h */,
				961963522BA19B2D0026AB36 /* CalculatorViewController.swift */,
				96B2CA7E2BA3EA080055088E /* CalculatorViewController.xib */,
				961963632BA19C7B0026AB36 /* Calculator.cpp */,
			);
			path = Calculator;
			sourceTree = "<group>";
		};
		96B2CA802BA3EAD90055088E /* Tabbar */ = {
			isa = PBXGroup;
			children = (
				96B2CA812BA3EAE80055088E /* TabbarController.swift */,
				961963542BA19B2D0026AB36 /* Main.storyboard */,
			);
			path = Tabbar;
			sourceTree = "<group>";
		};
/* End PBXGroup section */

/* Begin PBXNativeTarget section */
		9619634A2BA19B2D0026AB36 /* CplusExample */ = {
			isa = PBXNativeTarget;
			buildConfigurationList = 9619635F2BA19B2E0026AB36 /* Build configuration list for PBXNativeTarget "CplusExample" */;
			buildPhases = (
				961963472BA19B2D0026AB36 /* Sources */,
				961963482BA19B2D0026AB36 /* Frameworks */,
				961963492BA19B2D0026AB36 /* Resources */,
			);
			buildRules = (
			);
			dependencies = (
			);
			name = CplusExample;
			productName = CplusExample;
			productReference = 9619634B2BA19B2D0026AB36 /* CplusExample.app */;
			productType = "com.apple.product-type.application";
		};
/* End PBXNativeTarget section */

/* Begin PBXProject section */
		961963432BA19B2D0026AB36 /* Project object */ = {
			isa = PBXProject;
			attributes = {
				BuildIndependentTargetsInParallel = 1;
				LastSwiftUpdateCheck = 1520;
				LastUpgradeCheck = 1520;
				TargetAttributes = {
					9619634A2BA19B2D0026AB36 = {
						CreatedOnToolsVersion = 15.2;
						LastSwiftMigration = 1520;
					};
				};
			};
			buildConfigurationList = 961963462BA19B2D0026AB36 /* Build configuration list for PBXProject "CplusExample" */;
			compatibilityVersion = "Xcode 14.0";
			developmentRegion = en;
			hasScannedForEncodings = 0;
			knownRegions = (
				en,
				Base,
			);
			mainGroup = 961963422BA19B2D0026AB36;
			productRefGroup = 9619634C2BA19B2D0026AB36 /* Products */;
			projectDirPath = "";
			projectRoot = "";
			targets = (
				9619634A2BA19B2D0026AB36 /* CplusExample */,
			);
		};
/* End PBXProject section */

/* Begin PBXResourcesBuildPhase section */
		961963492BA19B2D0026AB36 /* Resources */ = {
			isa = PBXResourcesBuildPhase;
			buildActionMask = 2147483647;
			files = (
				9619635B2BA19B2E0026AB36 /* LaunchScreen.storyboard in Resources */,
				964AFC582BA447B800B852CE /* CategoryCell.xib in Resources */,
				961963582BA19B2E0026AB36 /* Assets.xcassets in Resources */,
				96B2CA7F2BA3EA080055088E /* CalculatorViewController.xib in Resources */,
				964AFC432BA3F38D00B852CE /* CategoryViewController.xib in Resources */,
				961963562BA19B2D0026AB36 /* Main.storyboard in Resources */,
			);
			runOnlyForDeploymentPostprocessing = 0;
		};
/* End PBXResourcesBuildPhase section */

/* Begin PBXSourcesBuildPhase section */
		961963472BA19B2D0026AB36 /* Sources */ = {
			isa = PBXSourcesBuildPhase;
			buildActionMask = 2147483647;
			files = (
				964AFC4B2BA434E900B852CE /* CategoryUseCase.swift in Sources */,
				964AFC602BA449C000B852CE /* ProductCategory.cpp in Sources */,
				964AFC422BA3F38D00B852CE /* CategoryViewController.swift in Sources */,
				961963652BA19C7B0026AB36 /* Calculator.cpp in Sources */,
				964AFC6B2BA548F500B852CE /* CategoryViewModel.swift in Sources */,
				964AFC572BA447B800B852CE /* CategoryCell.swift in Sources */,
				964AFC5D2BA4493200B852CE /* CategoryEntity.swift in Sources */,
				961963532BA19B2D0026AB36 /* CalculatorViewController.swift in Sources */,
				964AFC692BA450D000B852CE /* CategoryTranslator.swift in Sources */,
				9619634F2BA19B2D0026AB36 /* AppDelegate.swift in Sources */,
				96B2CA822BA3EAE80055088E /* TabbarController.swift in Sources */,
				964AFC642BA44C0300B852CE /* CategoryService.swift in Sources */,
			);
			runOnlyForDeploymentPostprocessing = 0;
		};
/* End PBXSourcesBuildPhase section */

/* Begin PBXVariantGroup section */
		961963542BA19B2D0026AB36 /* Main.storyboard */ = {
			isa = PBXVariantGroup;
			children = (
				961963552BA19B2D0026AB36 /* Base */,
			);
			name = Main.storyboard;
			sourceTree = "<group>";
		};
		961963592BA19B2E0026AB36 /* LaunchScreen.storyboard */ = {
			isa = PBXVariantGroup;
			children = (
				9619635A2BA19B2E0026AB36 /* Base */,
			);
			name = LaunchScreen.storyboard;
			sourceTree = "<group>";
		};
/* End PBXVariantGroup section */

/* Begin XCBuildConfiguration section */
		9619635D2BA19B2E0026AB36 /* Debug */ = {
			isa = XCBuildConfiguration;
			buildSettings = {
				ALWAYS_SEARCH_USER_PATHS = NO;
				ASSETCATALOG_COMPILER_GENERATE_SWIFT_ASSET_SYMBOL_EXTENSIONS = YES;
				CLANG_ANALYZER_NONNULL = YES;
				CLANG_ANALYZER_NUMBER_OBJECT_CONVERSION = YES_AGGRESSIVE;
				CLANG_CXX_LANGUAGE_STANDARD = "gnu++20";
				CLANG_ENABLE_MODULES = YES;
				CLANG_ENABLE_OBJC_ARC = YES;
				CLANG_ENABLE_OBJC_WEAK = YES;
				CLANG_WARN_BLOCK_CAPTURE_AUTORELEASING = YES;
				CLANG_WARN_BOOL_CONVERSION = YES;
				CLANG_WARN_COMMA = YES;
				CLANG_WARN_CONSTANT_CONVERSION = YES;
				CLANG_WARN_DEPRECATED_OBJC_IMPLEMENTATIONS = YES;
				CLANG_WARN_DIRECT_OBJC_ISA_USAGE = YES_ERROR;
				CLANG_WARN_DOCUMENTATION_COMMENTS = YES;
				CLANG_WARN_EMPTY_BODY = YES;
				CLANG_WARN_ENUM_CONVERSION = YES;
				CLANG_WARN_INFINITE_RECURSION = YES;
				CLANG_WARN_INT_CONVERSION = YES;
				CLANG_WARN_NON_LITERAL_NULL_CONVERSION = YES;
				CLANG_WARN_OBJC_IMPLICIT_RETAIN_SELF = YES;
				CLANG_WARN_OBJC_LITERAL_CONVERSION = YES;
				CLANG_WARN_OBJC_ROOT_CLASS = YES_ERROR;
				CLANG_WARN_QUOTED_INCLUDE_IN_FRAMEWORK_HEADER = YES;
				CLANG_WARN_RANGE_LOOP_ANALYSIS = YES;
				CLANG_WARN_STRICT_PROTOTYPES = YES;
				CLANG_WARN_SUSPICIOUS_MOVE = YES;
				CLANG_WARN_UNGUARDED_AVAILABILITY = YES_AGGRESSIVE;
				CLANG_WARN_UNREACHABLE_CODE = YES;
				CLANG_WARN__DUPLICATE_METHOD_MATCH = YES;
				COPY_PHASE_STRIP = NO;
				DEBUG_INFORMATION_FORMAT = dwarf;
				ENABLE_STRICT_OBJC_MSGSEND = YES;
				ENABLE_TESTABILITY = YES;
				ENABLE_USER_SCRIPT_SANDBOXING = YES;
				GCC_C_LANGUAGE_STANDARD = gnu17;
				GCC_DYNAMIC_NO_PIC = NO;
				GCC_NO_COMMON_BLOCKS = YES;
				GCC_OPTIMIZATION_LEVEL = 0;
				GCC_PREPROCESSOR_DEFINITIONS = (
					"DEBUG=1",
					"$(inherited)",
				);
				GCC_WARN_64_TO_32_BIT_CONVERSION = YES;
				GCC_WARN_ABOUT_RETURN_TYPE = YES_ERROR;
				GCC_WARN_UNDECLARED_SELECTOR = YES;
				GCC_WARN_UNINITIALIZED_AUTOS = YES_AGGRESSIVE;
				GCC_WARN_UNUSED_FUNCTION = YES;
				GCC_WARN_UNUSED_VARIABLE = YES;
				IPHONEOS_DEPLOYMENT_TARGET = 13.0;
				LOCALIZATION_PREFERS_STRING_CATALOGS = YES;
				MTL_ENABLE_DEBUG_INFO = INCLUDE_SOURCE;
				MTL_FAST_MATH = YES;
				ONLY_ACTIVE_ARCH = YES;
				SDKROOT = iphoneos;
				SWIFT_ACTIVE_COMPILATION_CONDITIONS = "DEBUG $(inherited)";
				SWIFT_OBJC_INTEROP_MODE = objcxx;
				SWIFT_OPTIMIZATION_LEVEL = "-Onone";
			};
			name = Debug;
		};
		9619635E2BA19B2E0026AB36 /* Release */ = {
			isa = XCBuildConfiguration;
			buildSettings = {
				ALWAYS_SEARCH_USER_PATHS = NO;
				ASSETCATALOG_COMPILER_GENERATE_SWIFT_ASSET_SYMBOL_EXTENSIONS = YES;
				CLANG_ANALYZER_NONNULL = YES;
				CLANG_ANALYZER_NUMBER_OBJECT_CONVERSION = YES_AGGRESSIVE;
				CLANG_CXX_LANGUAGE_STANDARD = "gnu++20";
				CLANG_ENABLE_MODULES = YES;
				CLANG_ENABLE_OBJC_ARC = YES;
				CLANG_ENABLE_OBJC_WEAK = YES;
				CLANG_WARN_BLOCK_CAPTURE_AUTORELEASING = YES;
				CLANG_WARN_BOOL_CONVERSION = YES;
				CLANG_WARN_COMMA = YES;
				CLANG_WARN_CONSTANT_CONVERSION = YES;
				CLANG_WARN_DEPRECATED_OBJC_IMPLEMENTATIONS = YES;
				CLANG_WARN_DIRECT_OBJC_ISA_USAGE = YES_ERROR;
				CLANG_WARN_DOCUMENTATION_COMMENTS = YES;
				CLANG_WARN_EMPTY_BODY = YES;
				CLANG_WARN_ENUM_CONVERSION = YES;
				CLANG_WARN_INFINITE_RECURSION = YES;
				CLANG_WARN_INT_CONVERSION = YES;
				CLANG_WARN_NON_LITERAL_NULL_CONVERSION = YES;
				CLANG_WARN_OBJC_IMPLICIT_RETAIN_SELF = YES;
				CLANG_WARN_OBJC_LITERAL_CONVERSION = YES;
				CLANG_WARN_OBJC_ROOT_CLASS = YES_ERROR;
				CLANG_WARN_QUOTED_INCLUDE_IN_FRAMEWORK_HEADER = YES;
				CLANG_WARN_RANGE_LOOP_ANALYSIS = YES;
				CLANG_WARN_STRICT_PROTOTYPES = YES;
				CLANG_WARN_SUSPICIOUS_MOVE = YES;
				CLANG_WARN_UNGUARDED_AVAILABILITY = YES_AGGRESSIVE;
				CLANG_WARN_UNREACHABLE_CODE = YES;
				CLANG_WARN__DUPLICATE_METHOD_MATCH = YES;
				COPY_PHASE_STRIP = NO;
				DEBUG_INFORMATION_FORMAT = "dwarf-with-dsym";
				ENABLE_NS_ASSERTIONS = NO;
				ENABLE_STRICT_OBJC_MSGSEND = YES;
				ENABLE_USER_SCRIPT_SANDBOXING = YES;
				GCC_C_LANGUAGE_STANDARD = gnu17;
				GCC_NO_COMMON_BLOCKS = YES;
				GCC_WARN_64_TO_32_BIT_CONVERSION = YES;
				GCC_WARN_ABOUT_RETURN_TYPE = YES_ERROR;
				GCC_WARN_UNDECLARED_SELECTOR = YES;
				GCC_WARN_UNINITIALIZED_AUTOS = YES_AGGRESSIVE;
				GCC_WARN_UNUSED_FUNCTION = YES;
				GCC_WARN_UNUSED_VARIABLE = YES;
				IPHONEOS_DEPLOYMENT_TARGET = 13.0;
				LOCALIZATION_PREFERS_STRING_CATALOGS = YES;
				MTL_ENABLE_DEBUG_INFO = NO;
				MTL_FAST_MATH = YES;
				SDKROOT = iphoneos;
				SWIFT_COMPILATION_MODE = wholemodule;
				SWIFT_OBJC_INTEROP_MODE = objcxx;
				VALIDATE_PRODUCT = YES;
			};
			name = Release;
		};
		961963602BA19B2E0026AB36 /* Debug */ = {
			isa = XCBuildConfiguration;
			buildSettings = {
				ALWAYS_EMBED_SWIFT_STANDARD_LIBRARIES = YES;
				ASSETCATALOG_COMPILER_APPICON_NAME = AppIcon;
				ASSETCATALOG_COMPILER_GLOBAL_ACCENT_COLOR_NAME = AccentColor;
				CLANG_ENABLE_MODULES = YES;
				CODE_SIGN_STYLE = Automatic;
				CURRENT_PROJECT_VERSION = 1;
				DEVELOPMENT_TEAM = GCAT449K7M;
				GENERATE_INFOPLIST_FILE = YES;
				INFOPLIST_FILE = CplusExample/Info.plist;
				INFOPLIST_KEY_UIApplicationSupportsIndirectInputEvents = YES;
				INFOPLIST_KEY_UILaunchStoryboardName = LaunchScreen;
				INFOPLIST_KEY_UIMainStoryboardFile = Main;
				INFOPLIST_KEY_UISupportedInterfaceOrientations_iPad = "UIInterfaceOrientationPortrait UIInterfaceOrientationPortraitUpsideDown UIInterfaceOrientationLandscapeLeft UIInterfaceOrientationLandscapeRight";
				INFOPLIST_KEY_UISupportedInterfaceOrientations_iPhone = "UIInterfaceOrientationPortrait UIInterfaceOrientationLandscapeLeft UIInterfaceOrientationLandscapeRight";
				IPHONEOS_DEPLOYMENT_TARGET = 13.0;
				LD_RUNPATH_SEARCH_PATHS = (
					"$(inherited)",
					"@executable_path/Frameworks",
				);
				MARKETING_VERSION = 1.0;
				PRODUCT_BUNDLE_IDENTIFIER = cuong.ios.CplusExample;
				PRODUCT_NAME = "$(TARGET_NAME)";
				SWIFT_EMIT_LOC_STRINGS = YES;
				SWIFT_OBJC_BRIDGING_HEADER = "CplusExample/CplusExample-Bridging-Header.h";
				SWIFT_OBJC_INTEROP_MODE = objcxx;
				SWIFT_OPTIMIZATION_LEVEL = "-Onone";
				SWIFT_VERSION = 5.0;
				TARGETED_DEVICE_FAMILY = "1,2";
			};
			name = Debug;
		};
		961963612BA19B2E0026AB36 /* Release */ = {
			isa = XCBuildConfiguration;
			buildSettings = {
				ALWAYS_EMBED_SWIFT_STANDARD_LIBRARIES = YES;
				ASSETCATALOG_COMPILER_APPICON_NAME = AppIcon;
				ASSETCATALOG_COMPILER_GLOBAL_ACCENT_COLOR_NAME = AccentColor;
				CLANG_ENABLE_MODULES = YES;
				CODE_SIGN_STYLE = Automatic;
				CURRENT_PROJECT_VERSION = 1;
				DEVELOPMENT_TEAM = GCAT449K7M;
				GENERATE_INFOPLIST_FILE = YES;
				INFOPLIST_FILE = CplusExample/Info.plist;
				INFOPLIST_KEY_UIApplicationSupportsIndirectInputEvents = YES;
				INFOPLIST_KEY_UILaunchStoryboardName = LaunchScreen;
				INFOPLIST_KEY_UIMainStoryboardFile = Main;
				INFOPLIST_KEY_UISupportedInterfaceOrientations_iPad = "UIInterfaceOrientationPortrait UIInterfaceOrientationPortraitUpsideDown UIInterfaceOrientationLandscapeLeft UIInterfaceOrientationLandscapeRight";
				INFOPLIST_KEY_UISupportedInterfaceOrientations_iPhone = "UIInterfaceOrientationPortrait UIInterfaceOrientationLandscapeLeft UIInterfaceOrientationLandscapeRight";
				IPHONEOS_DEPLOYMENT_TARGET = 13.0;
				LD_RUNPATH_SEARCH_PATHS = (
					"$(inherited)",
					"@executable_path/Frameworks",
				);
				MARKETING_VERSION = 1.0;
				PRODUCT_BUNDLE_IDENTIFIER = cuong.ios.CplusExample;
				PRODUCT_NAME = "$(TARGET_NAME)";
				SWIFT_EMIT_LOC_STRINGS = YES;
				SWIFT_OBJC_BRIDGING_HEADER = "CplusExample/CplusExample-Bridging-Header.h";
				SWIFT_OBJC_INTEROP_MODE = objcxx;
				SWIFT_VERSION = 5.0;
				TARGETED_DEVICE_FAMILY = "1,2";
			};
			name = Release;
		};
/* End XCBuildConfiguration section */

/* Begin XCConfigurationList section */
		961963462BA19B2D0026AB36 /* Build configuration list for PBXProject "CplusExample" */ = {
			isa = XCConfigurationList;
			buildConfigurations = (
				9619635D2BA19B2E0026AB36 /* Debug */,
				9619635E2BA19B2E0026AB36 /* Release */,
			);
			defaultConfigurationIsVisible = 0;
			defaultConfigurationName = Release;
		};
		9619635F2BA19B2E0026AB36 /* Build configuration list for PBXNativeTarget "CplusExample" */ = {
			isa = XCConfigurationList;
			buildConfigurations = (
				961963602BA19B2E0026AB36 /* Debug */,
				961963612BA19B2E0026AB36 /* Release */,
			);
			defaultConfigurationIsVisible = 0;
			defaultConfigurationName = Release;
		};
/* End XCConfigurationList section */
	};
	rootObject = 961963432BA19B2D0026AB36 /* Project object */;
}
